// !$*UTF8*$!
{
	archiveVersion = 1;
	classes = {
	};
	objectVersion = 50;
	objects = {

/* Begin PBXBuildFile section */
		7A67472426231CD200633573 /* AppDelegate.swift in Sources */ = {isa = PBXBuildFile; fileRef = 7A67472326231CD200633573 /* AppDelegate.swift */; };
		7A67472626231CD200633573 /* SceneDelegate.swift in Sources */ = {isa = PBXBuildFile; fileRef = 7A67472526231CD200633573 /* SceneDelegate.swift */; };
		7A67472826231CD200633573 /* MVPViewController.swift in Sources */ = {isa = PBXBuildFile; fileRef = 7A67472726231CD200633573 /* MVPViewController.swift */; };
		7A67472B26231CD200633573 /* Main.storyboard in Resources */ = {isa = PBXBuildFile; fileRef = 7A67472926231CD200633573 /* Main.storyboard */; };
		7A67472D26231CD300633573 /* Assets.xcassets in Resources */ = {isa = PBXBuildFile; fileRef = 7A67472C26231CD300633573 /* Assets.xcassets */; };
		7A67473026231CD300633573 /* LaunchScreen.storyboard in Resources */ = {isa = PBXBuildFile; fileRef = 7A67472E26231CD300633573 /* LaunchScreen.storyboard */; };
		7A67473B26231D3000633573 /* DataManager.swift in Sources */ = {isa = PBXBuildFile; fileRef = 7A67473A26231D3000633573 /* DataManager.swift */; };
		7A67473F26231E2200633573 /* MVPViewInput.swift in Sources */ = {isa = PBXBuildFile; fileRef = 7A67473E26231E2200633573 /* MVPViewInput.swift */; };
		7A67474326231E3C00633573 /* MVPViewOutput.swift in Sources */ = {isa = PBXBuildFile; fileRef = 7A67474226231E3C00633573 /* MVPViewOutput.swift */; };
		7A67474626231F7900633573 /* MVPPresenter.swift in Sources */ = {isa = PBXBuildFile; fileRef = 7A67474526231F7900633573 /* MVPPresenter.swift */; };
		7A674749262321D200633573 /* MVPConfig.swift in Sources */ = {isa = PBXBuildFile; fileRef = 7A674748262321D200633573 /* MVPConfig.swift */; };
/* End PBXBuildFile section */

/* Begin PBXFileReference section */
		7A67472026231CD200633573 /* MVPLesson.app */ = {isa = PBXFileReference; explicitFileType = wrapper.application; includeInIndex = 0; path = MVPLesson.app; sourceTree = BUILT_PRODUCTS_DIR; };
		7A67472326231CD200633573 /* AppDelegate.swift */ = {isa = PBXFileReference; lastKnownFileType = sourcecode.swift; path = AppDelegate.swift; sourceTree = "<group>"; };
		7A67472526231CD200633573 /* SceneDelegate.swift */ = {isa = PBXFileReference; lastKnownFileType = sourcecode.swift; path = SceneDelegate.swift; sourceTree = "<group>"; };
		7A67472726231CD200633573 /* MVPViewController.swift */ = {isa = PBXFileReference; lastKnownFileType = sourcecode.swift; path = MVPViewController.swift; sourceTree = "<group>"; };
		7A67472A26231CD200633573 /* Base */ = {isa = PBXFileReference; lastKnownFileType = file.storyboard; name = Base; path = Base.lproj/Main.storyboard; sourceTree = "<group>"; };
		7A67472C26231CD300633573 /* Assets.xcassets */ = {isa = PBXFileReference; lastKnownFileType = folder.assetcatalog; path = Assets.xcassets; sourceTree = "<group>"; };
		7A67472F26231CD300633573 /* Base */ = {isa = PBXFileReference; lastKnownFileType = file.storyboard; name = Base; path = Base.lproj/LaunchScreen.storyboard; sourceTree = "<group>"; };
		7A67473126231CD300633573 /* Info.plist */ = {isa = PBXFileReference; lastKnownFileType = text.plist.xml; path = Info.plist; sourceTree = "<group>"; };
		7A67473A26231D3000633573 /* DataManager.swift */ = {isa = PBXFileReference; lastKnownFileType = sourcecode.swift; path = DataManager.swift; sourceTree = "<group>"; };
		7A67473E26231E2200633573 /* MVPViewInput.swift */ = {isa = PBXFileReference; lastKnownFileType = sourcecode.swift; path = MVPViewInput.swift; sourceTree = "<group>"; };
		7A67474226231E3C00633573 /* MVPViewOutput.swift */ = {isa = PBXFileReference; lastKnownFileType = sourcecode.swift; path = MVPViewOutput.swift; sourceTree = "<group>"; };
		7A67474526231F7900633573 /* MVPPresenter.swift */ = {isa = PBXFileReference; lastKnownFileType = sourcecode.swift; path = MVPPresenter.swift; sourceTree = "<group>"; };
		7A674748262321D200633573 /* MVPConfig.swift */ = {isa = PBXFileReference; lastKnownFileType = sourcecode.swift; path = MVPConfig.swift; sourceTree = "<group>"; };
/* End PBXFileReference section */

/* Begin PBXFrameworksBuildPhase section */
		7A67471D26231CD200633573 /* Frameworks */ = {
			isa = PBXFrameworksBuildPhase;
			buildActionMask = 2147483647;
			files = (
			);
			runOnlyForDeploymentPostprocessing = 0;
		};
/* End PBXFrameworksBuildPhase section */

/* Begin PBXGroup section */
		7A67471726231CD200633573 = {
			isa = PBXGroup;
			children = (
				7A67472326231CD200633573 /* AppDelegate.swift */,
				7A67472526231CD200633573 /* SceneDelegate.swift */,
				7A67473926231CF300633573 /* Presenter */,
				7A67473826231CE800633573 /* View */,
				7A67472226231CD200633573 /* MVPLesson */,
				7A67472126231CD200633573 /* Products */,
			);
			sourceTree = "<group>";
		};
		7A67472126231CD200633573 /* Products */ = {
			isa = PBXGroup;
			children = (
				7A67472026231CD200633573 /* MVPLesson.app */,
			);
			name = Products;
			sourceTree = "<group>";
		};
		7A67472226231CD200633573 /* MVPLesson */ = {
			isa = PBXGroup;
			children = (
				7A67473A26231D3000633573 /* DataManager.swift */,
				7A674748262321D200633573 /* MVPConfig.swift */,
				7A67472C26231CD300633573 /* Assets.xcassets */,
				7A67472E26231CD300633573 /* LaunchScreen.storyboard */,
				7A67473126231CD300633573 /* Info.plist */,
			);
			path = MVPLesson;
			sourceTree = "<group>";
		};
		7A67473826231CE800633573 /* View */ = {
			isa = PBXGroup;
			children = (
				7A67472726231CD200633573 /* MVPViewController.swift */,
				7A67472926231CD200633573 /* Main.storyboard */,
				7A67473E26231E2200633573 /* MVPViewInput.swift */,
				7A67474226231E3C00633573 /* MVPViewOutput.swift */,
			);
			path = View;
			sourceTree = "<group>";
		};
		7A67473926231CF300633573 /* Presenter */ = {
			isa = PBXGroup;
			children = (
				7A67474526231F7900633573 /* MVPPresenter.swift */,
			);
			path = Presenter;
			sourceTree = "<group>";
		};
/* End PBXGroup section */

/* Begin PBXNativeTarget section */
		7A67471F26231CD200633573 /* MVPLesson */ = {
			isa = PBXNativeTarget;
			buildConfigurationList = 7A67473426231CD300633573 /* Build configuration list for PBXNativeTarget "MVPLesson" */;
			buildPhases = (
				7A67471C26231CD200633573 /* Sources */,
				7A67471D26231CD200633573 /* Frameworks */,
				7A67471E26231CD200633573 /* Resources */,
			);
			buildRules = (
			);
			dependencies = (
			);
			name = MVPLesson;
			productName = MVPLesson;
			productReference = 7A67472026231CD200633573 /* MVPLesson.app */;
			productType = "com.apple.product-type.application";
		};
/* End PBXNativeTarget section */

/* Begin PBXProject section */
		7A67471826231CD200633573 /* Project object */ = {
			isa = PBXProject;
			attributes = {
				LastSwiftUpdateCheck = 1210;
				LastUpgradeCheck = 1210;
				TargetAttributes = {
					7A67471F26231CD200633573 = {
						CreatedOnToolsVersion = 12.1;
					};
				};
			};
			buildConfigurationList = 7A67471B26231CD200633573 /* Build configuration list for PBXProject "MVPLesson" */;
			compatibilityVersion = "Xcode 9.3";
			developmentRegion = en;
			hasScannedForEncodings = 0;
			knownRegions = (
				en,
				Base,
			);
			mainGroup = 7A67471726231CD200633573;
			productRefGroup = 7A67472126231CD200633573 /* Products */;
			projectDirPath = "";
			projectRoot = "";
			targets = (
				7A67471F26231CD200633573 /* MVPLesson */,
			);
		};
/* End PBXProject section */

/* Begin PBXResourcesBuildPhase section */
		7A67471E26231CD200633573 /* Resources */ = {
			isa = PBXResourcesBuildPhase;
			buildActionMask = 2147483647;
			files = (
				7A67473026231CD300633573 /* LaunchScreen.storyboard in Resources */,
				7A67472D26231CD300633573 /* Assets.xcassets in Resources */,
				7A67472B26231CD200633573 /* Main.storyboard in Resources */,
			);
			runOnlyForDeploymentPostprocessing = 0;
		};
/* End PBXResourcesBuildPhase section */

/* Begin PBXSourcesBuildPhase section */
		7A67471C26231CD200633573 /* Sources */ = {
			isa = PBXSourcesBuildPhase;
			buildActionMask = 2147483647;
			files = (
				7A67474626231F7900633573 /* MVPPresenter.swift in Sources */,
				7A67472826231CD200633573 /* MVPViewController.swift in Sources */,
				7A67473B26231D3000633573 /* DataManager.swift in Sources */,
				7A674749262321D200633573 /* MVPConfig.swift in Sources */,
				7A67472426231CD200633573 /* AppDelegate.swift in Sources */,
				7A67472626231CD200633573 /* SceneDelegate.swift in Sources */,
				7A67473F26231E2200633573 /* MVPViewInput.swift in Sources */,
				7A67474326231E3C00633573 /* MVPViewOutput.swift in Sources */,
			);
			runOnlyForDeploymentPostprocessing = 0;
		};
/* End PBXSourcesBuildPhase section */

/* Begin PBXVariantGroup section */
		7A67472926231CD200633573 /* Main.storyboard */ = {
			isa = PBXVariantGroup;
			children = (
				7A67472A26231CD200633573 /* Base */,
			);
			name = Main.storyboard;
			sourceTree = "<group>";
		};
		7A67472E26231CD300633573 /* LaunchScreen.storyboard */ = {
			isa = PBXVariantGroup;
			children = (
				7A67472F26231CD300633573 /* Base */,
			);
			name = LaunchScreen.storyboard;
			sourceTree = "<group>";
		};
/* End PBXVariantGroup section */

/* Begin XCBuildConfiguration section */
		7A67473226231CD300633573 /* Debug */ = {
			isa = XCBuildConfiguration;
			buildSettings = {
				ALWAYS_SEARCH_USER_PATHS = NO;
				CLANG_ANALYZER_NONNULL = YES;
				CLANG_ANALYZER_NUMBER_OBJECT_CONVERSION = YES_AGGRESSIVE;
				CLANG_CXX_LANGUAGE_STANDARD = "gnu++14";
				CLANG_CXX_LIBRARY = "libc++";
				CLANG_ENABLE_MODULES = YES;
				CLANG_ENABLE_OBJC_ARC = YES;
				CLANG_ENABLE_OBJC_WEAK = YES;
				CLANG_WARN_BLOCK_CAPTURE_AUTORELEASING = YES;
				CLANG_WARN_BOOL_CONVERSION = YES;
				CLANG_WARN_COMMA = YES;
				CLANG_WARN_CONSTANT_CONVERSION = YES;
				CLANG_WARN_DEPRECATED_OBJC_IMPLEMENTATIONS = YES;
				CLANG_WARN_DIRECT_OBJC_ISA_USAGE = YES_ERROR;
				CLANG_WARN_DOCUMENTATION_COMMENTS = YES;
				CLANG_WARN_EMPTY_BODY = YES;
				CLANG_WARN_ENUM_CONVERSION = YES;
				CLANG_WARN_INFINITE_RECURSION = YES;
				CLANG_WARN_INT_CONVERSION = YES;
				CLANG_WARN_NON_LITERAL_NULL_CONVERSION = YES;
				CLANG_WARN_OBJC_IMPLICIT_RETAIN_SELF = YES;
				CLANG_WARN_OBJC_LITERAL_CONVERSION = YES;
				CLANG_WARN_OBJC_ROOT_CLASS = YES_ERROR;
				CLANG_WARN_QUOTED_INCLUDE_IN_FRAMEWORK_HEADER = YES;
				CLANG_WARN_RANGE_LOOP_ANALYSIS = YES;
				CLANG_WARN_STRICT_PROTOTYPES = YES;
				CLANG_WARN_SUSPICIOUS_MOVE = YES;
				CLANG_WARN_UNGUARDED_AVAILABILITY = YES_AGGRESSIVE;
				CLANG_WARN_UNREACHABLE_CODE = YES;
				CLANG_WARN__DUPLICATE_METHOD_MATCH = YES;
				COPY_PHASE_STRIP = NO;
				DEBUG_INFORMATION_FORMAT = dwarf;
				ENABLE_STRICT_OBJC_MSGSEND = YES;
				ENABLE_TESTABILITY = YES;
				GCC_C_LANGUAGE_STANDARD = gnu11;
				GCC_DYNAMIC_NO_PIC = NO;
				GCC_NO_COMMON_BLOCKS = YES;
				GCC_OPTIMIZATION_LEVEL = 0;
				GCC_PREPROCESSOR_DEFINITIONS = (
					"DEBUG=1",
					"$(inherited)",
				);
				GCC_WARN_64_TO_32_BIT_CONVERSION = YES;
				GCC_WARN_ABOUT_RETURN_TYPE = YES_ERROR;
				GCC_WARN_UNDECLARED_SELECTOR = YES;
				GCC_WARN_UNINITIALIZED_AUTOS = YES_AGGRESSIVE;
				GCC_WARN_UNUSED_FUNCTION = YES;
				GCC_WARN_UNUSED_VARIABLE = YES;
				IPHONEOS_DEPLOYMENT_TARGET = 14.1;
				MTL_ENABLE_DEBUG_INFO = INCLUDE_SOURCE;
				MTL_FAST_MATH = YES;
				ONLY_ACTIVE_ARCH = YES;
				SDKROOT = iphoneos;
				SWIFT_ACTIVE_COMPILATION_CONDITIONS = DEBUG;
				SWIFT_OPTIMIZATION_LEVEL = "-Onone";
			};
			name = Debug;
		};
		7A67473326231CD300633573 /* Release */ = {
			isa = XCBuildConfiguration;
			buildSettings = {
				ALWAYS_SEARCH_USER_PATHS = NO;
				CLANG_ANALYZER_NONNULL = YES;
				CLANG_ANALYZER_NUMBER_OBJECT_CONVERSION = YES_AGGRESSIVE;
				CLANG_CXX_LANGUAGE_STANDARD = "gnu++14";
				CLANG_CXX_LIBRARY = "libc++";
				CLANG_ENABLE_MODULES = YES;
				CLANG_ENABLE_OBJC_ARC = YES;
				CLANG_ENABLE_OBJC_WEAK = YES;
				CLANG_WARN_BLOCK_CAPTURE_AUTORELEASING = YES;
				CLANG_WARN_BOOL_CONVERSION = YES;
				CLANG_WARN_COMMA = YES;
				CLANG_WARN_CONSTANT_CONVERSION = YES;
				CLANG_WARN_DEPRECATED_OBJC_IMPLEMENTATIONS = YES;
				CLANG_WARN_DIRECT_OBJC_ISA_USAGE = YES_ERROR;
				CLANG_WARN_DOCUMENTATION_COMMENTS = YES;
				CLANG_WARN_EMPTY_BODY = YES;
				CLANG_WARN_ENUM_CONVERSION = YES;
				CLANG_WARN_INFINITE_RECURSION = YES;
				CLANG_WARN_INT_CONVERSION = YES;
				CLANG_WARN_NON_LITERAL_NULL_CONVERSION = YES;
				CLANG_WARN_OBJC_IMPLICIT_RETAIN_SELF = YES;
				CLANG_WARN_OBJC_LITERAL_CONVERSION = YES;
				CLANG_WARN_OBJC_ROOT_CLASS = YES_ERROR;
				CLANG_WARN_QUOTED_INCLUDE_IN_FRAMEWORK_HEADER = YES;
				CLANG_WARN_RANGE_LOOP_ANALYSIS = YES;
				CLANG_WARN_STRICT_PROTOTYPES = YES;
				CLANG_WARN_SUSPICIOUS_MOVE = YES;
				CLANG_WARN_UNGUARDED_AVAILABILITY = YES_AGGRESSIVE;
				CLANG_WARN_UNREACHABLE_CODE = YES;
				CLANG_WARN__DUPLICATE_METHOD_MATCH = YES;
				COPY_PHASE_STRIP = NO;
				DEBUG_INFORMATION_FORMAT = "dwarf-with-dsym";
				ENABLE_NS_ASSERTIONS = NO;
				ENABLE_STRICT_OBJC_MSGSEND = YES;
				GCC_C_LANGUAGE_STANDARD = gnu11;
				GCC_NO_COMMON_BLOCKS = YES;
				GCC_WARN_64_TO_32_BIT_CONVERSION = YES;
				GCC_WARN_ABOUT_RETURN_TYPE = YES_ERROR;
				GCC_WARN_UNDECLARED_SELECTOR = YES;
				GCC_WARN_UNINITIALIZED_AUTOS = YES_AGGRESSIVE;
				GCC_WARN_UNUSED_FUNCTION = YES;
				GCC_WARN_UNUSED_VARIABLE = YES;
				IPHONEOS_DEPLOYMENT_TARGET = 14.1;
				MTL_ENABLE_DEBUG_INFO = NO;
				MTL_FAST_MATH = YES;
				SDKROOT = iphoneos;
				SWIFT_COMPILATION_MODE = wholemodule;
				SWIFT_OPTIMIZATION_LEVEL = "-O";
				VALIDATE_PRODUCT = YES;
			};
			name = Release;
		};
		7A67473526231CD300633573 /* Debug */ = {
			isa = XCBuildConfiguration;
			buildSettings = {
				ASSETCATALOG_COMPILER_APPICON_NAME = AppIcon;
				ASSETCATALOG_COMPILER_GLOBAL_ACCENT_COLOR_NAME = AccentColor;
				CODE_SIGN_STYLE = Automatic;
				DEVELOPMENT_TEAM = MW98Y87C9R;
				INFOPLIST_FILE = MVPLesson/Info.plist;
				LD_RUNPATH_SEARCH_PATHS = (
					"$(inherited)",
					"@executable_path/Frameworks",
				);
				PRODUCT_BUNDLE_IDENTIFIER = home.MVPLesson;
				PRODUCT_NAME = "$(TARGET_NAME)";
				SWIFT_VERSION = 5.0;
				TARGETED_DEVICE_FAMILY = "1,2";
			};
			name = Debug;
		};
		7A67473626231CD300633573 /* Release */ = {
			isa = XCBuildConfiguration;
			buildSettings = {
				ASSETCATALOG_COMPILER_APPICON_NAME = AppIcon;
				ASSETCATALOG_COMPILER_GLOBAL_ACCENT_COLOR_NAME = AccentColor;
				CODE_SIGN_STYLE = Automatic;
				DEVELOPMENT_TEAM = MW98Y87C9R;
				INFOPLIST_FILE = MVPLesson/Info.plist;
				LD_RUNPATH_SEARCH_PATHS = (
					"$(inherited)",
					"@executable_path/Frameworks",
				);
				PRODUCT_BUNDLE_IDENTIFIER = home.MVPLesson;
				PRODUCT_NAME = "$(TARGET_NAME)";
				SWIFT_VERSION = 5.0;
				TARGETED_DEVICE_FAMILY = "1,2";
			};
			name = Release;
		};
/* End XCBuildConfiguration section */

/* Begin XCConfigurationList section */
		7A67471B26231CD200633573 /* Build configuration list for PBXProject "MVPLesson" */ = {
			isa = XCConfigurationList;
			buildConfigurations = (
				7A67473226231CD300633573 /* Debug */,
				7A67473326231CD300633573 /* Release */,
			);
			defaultConfigurationIsVisible = 0;
			defaultConfigurationName = Release;
		};
		7A67473426231CD300633573 /* Build configuration list for PBXNativeTarget "MVPLesson" */ = {
			isa = XCConfigurationList;
			buildConfigurations = (
				7A67473526231CD300633573 /* Debug */,
				7A67473626231CD300633573 /* Release */,
			);
			defaultConfigurationIsVisible = 0;
			defaultConfigurationName = Release;
		};
/* End XCConfigurationList section */
	};
	rootObject = 7A67471826231CD200633573 /* Project object */;
}
